
Microsoft Visual Studio Solution File, Format Version 12.00
# Visual Studio 2013
VisualStudioVersion = 12.0.21005.1
MinimumVisualStudioVersion = 10.0.40219.1
Project("{8BC9CEB8-8B4A-11D0-8D11-00A0C91BC942}") = "serial_driver", "serial_driver.vcxproj", "{7A8C1714-4D4A-479C-B45F-380412BF9D2A}"
EndProject
Project("{8BC9CEB8-8B4A-11D0-8D11-00A0C91BC942}") = "serial_test", "..\serial_test\serial_test.vcxproj", "{644DC021-9685-48F6-B406-A016D2F6B9EA}"
	ProjectSection(ProjectDependencies) = postProject
		{7A8C1714-4D4A-479C-B45F-380412BF9D2A} = {7A8C1714-4D4A-479C-B45F-380412BF9D2A}
	EndProjectSection
EndProject
Project("{8BC9CEB8-8B4A-11D0-8D11-00A0C91BC942}") = "kopter_emulator", "..\kopter_emulator\kopter_emulator.vcxproj", "{227FE69C-C52D-41E9-A78B-F0505D810D05}"
	ProjectSection(ProjectDependencies) = postProject
		{7A8C1714-4D4A-479C-B45F-380412BF9D2A} = {7A8C1714-4D4A-479C-B45F-380412BF9D2A}
	EndProjectSection
EndProject
Global
	GlobalSection(SolutionConfigurationPlatforms) = preSolution
		Debug|Win32 = Debug|Win32
		Release|Win32 = Release|Win32
	EndGlobalSection
	GlobalSection(ProjectConfigurationPlatforms) = postSolution
		{7A8C1714-4D4A-479C-B45F-380412BF9D2A}.Debug|Win32.ActiveCfg = Debug|Win32
		{7A8C1714-4D4A-479C-B45F-380412BF9D2A}.Debug|Win32.Build.0 = Debug|Win32
		{7A8C1714-4D4A-479C-B45F-380412BF9D2A}.Release|Win32.ActiveCfg = Release|Win32
		{7A8C1714-4D4A-479C-B45F-380412BF9D2A}.Release|Win32.Build.0 = Release|Win32
		{644DC021-9685-48F6-B406-A016D2F6B9EA}.Debug|Win32.ActiveCfg = Debug|Win32
		{644DC021-9685-48F6-B406-A016D2F6B9EA}.Debug|Win32.Build.0 = Debug|Win32
		{644DC021-9685-48F6-B406-A016D2F6B9EA}.Release|Win32.ActiveCfg = Release|Win32
		{644DC021-9685-48F6-B406-A016D2F6B9EA}.Release|Win32.Build.0 = Release|Win32
		{227FE69C-C52D-41E9-A78B-F0505D810D05}.Debug|Win32.ActiveCfg = Debug|Win32
		{227FE69C-C52D-41E9-A78B-F0505D810D05}.Debug|Win32.Build.0 = Debug|Win32
		{227FE69C-C52D-41E9-A78B-F0505D810D05}.Release|Win32.ActiveCfg = Release|Win32
		{227FE69C-C52D-41E9-A78B-F0505D810D05}.Release|Win32.Build.0 = Release|Win32
	EndGlobalSection
	GlobalSection(SolutionProperties) = preSolution
		HideSolutionNode = FALSE
	EndGlobalSection
EndGlobal
